// !$*UTF8*$!
{
	archiveVersion = 1;
	classes = {
	};
	objectVersion = 46;
	objects = {

/* Begin PBXBuildFile section */
		FB0C21C81DA381080083309B /* AppDelegate.swift in Sources */ = {isa = PBXBuildFile; fileRef = FB0C21C71DA381080083309B /* AppDelegate.swift */; };
		FB0C21CA1DA381080083309B /* RPSViewController.swift in Sources */ = {isa = PBXBuildFile; fileRef = FB0C21C91DA381080083309B /* RPSViewController.swift */; };
		FB0C21CD1DA381080083309B /* Main.storyboard in Resources */ = {isa = PBXBuildFile; fileRef = FB0C21CB1DA381080083309B /* Main.storyboard */; };
		FB0C21CF1DA381080083309B /* Assets.xcassets in Resources */ = {isa = PBXBuildFile; fileRef = FB0C21CE1DA381080083309B /* Assets.xcassets */; };
		FB0C21D21DA381080083309B /* LaunchScreen.storyboard in Resources */ = {isa = PBXBuildFile; fileRef = FB0C21D01DA381080083309B /* LaunchScreen.storyboard */; };
		FB0C21DD1DA381080083309B /* rpsTests.swift in Sources */ = {isa = PBXBuildFile; fileRef = FB0C21DC1DA381080083309B /* rpsTests.swift */; };
		FB0C21E81DA381080083309B /* rpsUITests.swift in Sources */ = {isa = PBXBuildFile; fileRef = FB0C21E71DA381080083309B /* rpsUITests.swift */; };
		FB0C21F61DA3815F0083309B /* ResultGameScreen.swift in Sources */ = {isa = PBXBuildFile; fileRef = FB0C21F51DA3815F0083309B /* ResultGameScreen.swift */; };
/* End PBXBuildFile section */

/* Begin PBXContainerItemProxy section */
		FB0C21D91DA381080083309B /* PBXContainerItemProxy */ = {
			isa = PBXContainerItemProxy;
			containerPortal = FB0C21BC1DA381080083309B /* Project object */;
			proxyType = 1;
			remoteGlobalIDString = FB0C21C31DA381080083309B;
			remoteInfo = rps;
		};
		FB0C21E41DA381080083309B /* PBXContainerItemProxy */ = {
			isa = PBXContainerItemProxy;
			containerPortal = FB0C21BC1DA381080083309B /* Project object */;
			proxyType = 1;
			remoteGlobalIDString = FB0C21C31DA381080083309B;
			remoteInfo = rps;
		};
/* End PBXContainerItemProxy section */

/* Begin PBXFileReference section */
		FB0C21C41DA381080083309B /* rps.app */ = {isa = PBXFileReference; explicitFileType = wrapper.application; includeInIndex = 0; path = rps.app; sourceTree = BUILT_PRODUCTS_DIR; };
		FB0C21C71DA381080083309B /* AppDelegate.swift */ = {isa = PBXFileReference; lastKnownFileType = sourcecode.swift; path = AppDelegate.swift; sourceTree = "<group>"; };
		FB0C21C91DA381080083309B /* RPSViewController.swift */ = {isa = PBXFileReference; lastKnownFileType = sourcecode.swift; path = RPSViewController.swift; sourceTree = "<group>"; };
		FB0C21CC1DA381080083309B /* Base */ = {isa = PBXFileReference; lastKnownFileType = file.storyboard; name = Base; path = Base.lproj/Main.storyboard; sourceTree = "<group>"; };
		FB0C21CE1DA381080083309B /* Assets.xcassets */ = {isa = PBXFileReference; lastKnownFileType = folder.assetcatalog; path = Assets.xcassets; sourceTree = "<group>"; };
		FB0C21D11DA381080083309B /* Base */ = {isa = PBXFileReference; lastKnownFileType = file.storyboard; name = Base; path = Base.lproj/LaunchScreen.storyboard; sourceTree = "<group>"; };
		FB0C21D31DA381080083309B /* Info.plist */ = {isa = PBXFileReference; lastKnownFileType = text.plist.xml; path = Info.plist; sourceTree = "<group>"; };
		FB0C21D81DA381080083309B /* rpsTests.xctest */ = {isa = PBXFileReference; explicitFileType = wrapper.cfbundle; includeInIndex = 0; path = rpsTests.xctest; sourceTree = BUILT_PRODUCTS_DIR; };
		FB0C21DC1DA381080083309B /* rpsTests.swift */ = {isa = PBXFileReference; lastKnownFileType = sourcecode.swift; path = rpsTests.swift; sourceTree = "<group>"; };
		FB0C21DE1DA381080083309B /* Info.plist */ = {isa = PBXFileReference; lastKnownFileType = text.plist.xml; path = Info.plist; sourceTree = "<group>"; };
		FB0C21E31DA381080083309B /* rpsUITests.xctest */ = {isa = PBXFileReference; explicitFileType = wrapper.cfbundle; includeInIndex = 0; path = rpsUITests.xctest; sourceTree = BUILT_PRODUCTS_DIR; };
		FB0C21E71DA381080083309B /* rpsUITests.swift */ = {isa = PBXFileReference; lastKnownFileType = sourcecode.swift; path = rpsUITests.swift; sourceTree = "<group>"; };
		FB0C21E91DA381080083309B /* Info.plist */ = {isa = PBXFileReference; lastKnownFileType = text.plist.xml; path = Info.plist; sourceTree = "<group>"; };
		FB0C21F51DA3815F0083309B /* ResultGameScreen.swift */ = {isa = PBXFileReference; fileEncoding = 4; lastKnownFileType = sourcecode.swift; path = ResultGameScreen.swift; sourceTree = "<group>"; };
/* End PBXFileReference section */

/* Begin PBXFrameworksBuildPhase section */
		FB0C21C11DA381080083309B /* Frameworks */ = {
			isa = PBXFrameworksBuildPhase;
			buildActionMask = 2147483647;
			files = (
			);
			runOnlyForDeploymentPostprocessing = 0;
		};
		FB0C21D51DA381080083309B /* Frameworks */ = {
			isa = PBXFrameworksBuildPhase;
			buildActionMask = 2147483647;
			files = (
			);
			runOnlyForDeploymentPostprocessing = 0;
		};
		FB0C21E01DA381080083309B /* Frameworks */ = {
			isa = PBXFrameworksBuildPhase;
			buildActionMask = 2147483647;
			files = (
			);
			runOnlyForDeploymentPostprocessing = 0;
		};
/* End PBXFrameworksBuildPhase section */

/* Begin PBXGroup section */
		FB0C21BB1DA381080083309B = {
			isa = PBXGroup;
			children = (
				FB0C21C61DA381080083309B /* rps */,
				FB0C21DB1DA381080083309B /* rpsTests */,
				FB0C21E61DA381080083309B /* rpsUITests */,
				FB0C21C51DA381080083309B /* Products */,
			);
			sourceTree = "<group>";
		};
		FB0C21C51DA381080083309B /* Products */ = {
			isa = PBXGroup;
			children = (
				FB0C21C41DA381080083309B /* rps.app */,
				FB0C21D81DA381080083309B /* rpsTests.xctest */,
				FB0C21E31DA381080083309B /* rpsUITests.xctest */,
			);
			name = Products;
			sourceTree = "<group>";
		};
		FB0C21C61DA381080083309B /* rps */ = {
			isa = PBXGroup;
			children = (
				FB0C21C71DA381080083309B /* AppDelegate.swift */,
				FB0C21C91DA381080083309B /* RPSViewController.swift */,
				FB0C21CB1DA381080083309B /* Main.storyboard */,
				FB0C21F51DA3815F0083309B /* ResultGameScreen.swift */,
				FB0C21CE1DA381080083309B /* Assets.xcassets */,
				FB0C21D01DA381080083309B /* LaunchScreen.storyboard */,
				FB0C21D31DA381080083309B /* Info.plist */,
			);
			path = rps;
			sourceTree = "<group>";
		};
		FB0C21DB1DA381080083309B /* rpsTests */ = {
			isa = PBXGroup;
			children = (
				FB0C21DC1DA381080083309B /* rpsTests.swift */,
				FB0C21DE1DA381080083309B /* Info.plist */,
			);
			path = rpsTests;
			sourceTree = "<group>";
		};
		FB0C21E61DA381080083309B /* rpsUITests */ = {
			isa = PBXGroup;
			children = (
				FB0C21E71DA381080083309B /* rpsUITests.swift */,
				FB0C21E91DA381080083309B /* Info.plist */,
			);
			path = rpsUITests;
			sourceTree = "<group>";
		};
/* End PBXGroup section */

/* Begin PBXNativeTarget section */
		FB0C21C31DA381080083309B /* rps */ = {
			isa = PBXNativeTarget;
			buildConfigurationList = FB0C21EC1DA381080083309B /* Build configuration list for PBXNativeTarget "rps" */;
			buildPhases = (
				FB0C21C01DA381080083309B /* Sources */,
				FB0C21C11DA381080083309B /* Frameworks */,
				FB0C21C21DA381080083309B /* Resources */,
			);
			buildRules = (
			);
			dependencies = (
			);
			name = rps;
			productName = rps;
			productReference = FB0C21C41DA381080083309B /* rps.app */;
			productType = "com.apple.product-type.application";
		};
		FB0C21D71DA381080083309B /* rpsTests */ = {
			isa = PBXNativeTarget;
			buildConfigurationList = FB0C21EF1DA381080083309B /* Build configuration list for PBXNativeTarget "rpsTests" */;
			buildPhases = (
				FB0C21D41DA381080083309B /* Sources */,
				FB0C21D51DA381080083309B /* Frameworks */,
				FB0C21D61DA381080083309B /* Resources */,
			);
			buildRules = (
			);
			dependencies = (
				FB0C21DA1DA381080083309B /* PBXTargetDependency */,
			);
			name = rpsTests;
			productName = rpsTests;
			productReference = FB0C21D81DA381080083309B /* rpsTests.xctest */;
			productType = "com.apple.product-type.bundle.unit-test";
		};
		FB0C21E21DA381080083309B /* rpsUITests */ = {
			isa = PBXNativeTarget;
			buildConfigurationList = FB0C21F21DA381080083309B /* Build configuration list for PBXNativeTarget "rpsUITests" */;
			buildPhases = (
				FB0C21DF1DA381080083309B /* Sources */,
				FB0C21E01DA381080083309B /* Frameworks */,
				FB0C21E11DA381080083309B /* Resources */,
			);
			buildRules = (
			);
			dependencies = (
				FB0C21E51DA381080083309B /* PBXTargetDependency */,
			);
			name = rpsUITests;
			productName = rpsUITests;
			productReference = FB0C21E31DA381080083309B /* rpsUITests.xctest */;
			productType = "com.apple.product-type.bundle.ui-testing";
		};
/* End PBXNativeTarget section */

/* Begin PBXProject section */
		FB0C21BC1DA381080083309B /* Project object */ = {
			isa = PBXProject;
			attributes = {
				LastSwiftUpdateCheck = 0800;
				LastUpgradeCheck = 0800;
				ORGANIZATIONNAME = Sensehack;
				TargetAttributes = {
					FB0C21C31DA381080083309B = {
						CreatedOnToolsVersion = 8.0;
						ProvisioningStyle = Automatic;
					};
					FB0C21D71DA381080083309B = {
						CreatedOnToolsVersion = 8.0;
						ProvisioningStyle = Automatic;
						TestTargetID = FB0C21C31DA381080083309B;
					};
					FB0C21E21DA381080083309B = {
						CreatedOnToolsVersion = 8.0;
						ProvisioningStyle = Automatic;
						TestTargetID = FB0C21C31DA381080083309B;
					};
				};
			};
			buildConfigurationList = FB0C21BF1DA381080083309B /* Build configuration list for PBXProject "rps" */;
			compatibilityVersion = "Xcode 3.2";
			developmentRegion = English;
			hasScannedForEncodings = 0;
			knownRegions = (
				en,
				Base,
			);
			mainGroup = FB0C21BB1DA381080083309B;
			productRefGroup = FB0C21C51DA381080083309B /* Products */;
			projectDirPath = "";
			projectRoot = "";
			targets = (
				FB0C21C31DA381080083309B /* rps */,
				FB0C21D71DA381080083309B /* rpsTests */,
				FB0C21E21DA381080083309B /* rpsUITests */,
			);
		};
/* End PBXProject section */

/* Begin PBXResourcesBuildPhase section */
		FB0C21C21DA381080083309B /* Resources */ = {
			isa = PBXResourcesBuildPhase;
			buildActionMask = 2147483647;
			files = (
				FB0C21D21DA381080083309B /* LaunchScreen.storyboard in Resources */,
				FB0C21CF1DA381080083309B /* Assets.xcassets in Resources */,
				FB0C21CD1DA381080083309B /* Main.storyboard in Resources */,
			);
			runOnlyForDeploymentPostprocessing = 0;
		};
		FB0C21D61DA381080083309B /* Resources */ = {
			isa = PBXResourcesBuildPhase;
			buildActionMask = 2147483647;
			files = (
			);
			runOnlyForDeploymentPostprocessing = 0;
		};
		FB0C21E11DA381080083309B /* Resources */ = {
			isa = PBXResourcesBuildPhase;
			buildActionMask = 2147483647;
			files = (
			);
			runOnlyForDeploymentPostprocessing = 0;
		};
/* End PBXResourcesBuildPhase section */

/* Begin PBXSourcesBuildPhase section */
		FB0C21C01DA381080083309B /* Sources */ = {
			isa = PBXSourcesBuildPhase;
			buildActionMask = 2147483647;
			files = (
				FB0C21F61DA3815F0083309B /* ResultGameScreen.swift in Sources */,
				FB0C21CA1DA381080083309B /* RPSViewController.swift in Sources */,
				FB0C21C81DA381080083309B /* AppDelegate.swift in Sources */,
			);
			runOnlyForDeploymentPostprocessing = 0;
		};
		FB0C21D41DA381080083309B /* Sources */ = {
			isa = PBXSourcesBuildPhase;
			buildActionMask = 2147483647;
			files = (
				FB0C21DD1DA381080083309B /* rpsTests.swift in Sources */,
			);
			runOnlyForDeploymentPostprocessing = 0;
		};
		FB0C21DF1DA381080083309B /* Sources */ = {
			isa = PBXSourcesBuildPhase;
			buildActionMask = 2147483647;
			files = (
				FB0C21E81DA381080083309B /* rpsUITests.swift in Sources */,
			);
			runOnlyForDeploymentPostprocessing = 0;
		};
/* End PBXSourcesBuildPhase section */

/* Begin PBXTargetDependency section */
		FB0C21DA1DA381080083309B /* PBXTargetDependency */ = {
			isa = PBXTargetDependency;
			target = FB0C21C31DA381080083309B /* rps */;
			targetProxy = FB0C21D91DA381080083309B /* PBXContainerItemProxy */;
		};
		FB0C21E51DA381080083309B /* PBXTargetDependency */ = {
			isa = PBXTargetDependency;
			target = FB0C21C31DA381080083309B /* rps */;
			targetProxy = FB0C21E41DA381080083309B /* PBXContainerItemProxy */;
		};
/* End PBXTargetDependency section */

/* Begin PBXVariantGroup section */
		FB0C21CB1DA381080083309B /* Main.storyboard */ = {
			isa = PBXVariantGroup;
			children = (
				FB0C21CC1DA381080083309B /* Base */,
			);
			name = Main.storyboard;
			sourceTree = "<group>";
		};
		FB0C21D01DA381080083309B /* LaunchScreen.storyboard */ = {
			isa = PBXVariantGroup;
			children = (
				FB0C21D11DA381080083309B /* Base */,
			);
			name = LaunchScreen.storyboard;
			sourceTree = "<group>";
		};
/* End PBXVariantGroup section */

/* Begin XCBuildConfiguration section */
		FB0C21EA1DA381080083309B /* Debug */ = {
			isa = XCBuildConfiguration;
			buildSettings = {
				ALWAYS_SEARCH_USER_PATHS = NO;
				CLANG_ANALYZER_NONNULL = YES;
				CLANG_CXX_LANGUAGE_STANDARD = "gnu++0x";
				CLANG_CXX_LIBRARY = "libc++";
				CLANG_ENABLE_MODULES = YES;
				CLANG_ENABLE_OBJC_ARC = YES;
				CLANG_WARN_BOOL_CONVERSION = YES;
				CLANG_WARN_CONSTANT_CONVERSION = YES;
				CLANG_WARN_DIRECT_OBJC_ISA_USAGE = YES_ERROR;
				CLANG_WARN_DOCUMENTATION_COMMENTS = YES;
				CLANG_WARN_EMPTY_BODY = YES;
				CLANG_WARN_ENUM_CONVERSION = YES;
				CLANG_WARN_INFINITE_RECURSION = YES;
				CLANG_WARN_INT_CONVERSION = YES;
				CLANG_WARN_OBJC_ROOT_CLASS = YES_ERROR;
				CLANG_WARN_SUSPICIOUS_MOVES = YES;
				CLANG_WARN_UNREACHABLE_CODE = YES;
				CLANG_WARN__DUPLICATE_METHOD_MATCH = YES;
				"CODE_SIGN_IDENTITY[sdk=iphoneos*]" = "iPhone Developer";
				COPY_PHASE_STRIP = NO;
				DEBUG_INFORMATION_FORMAT = dwarf;
				ENABLE_STRICT_OBJC_MSGSEND = YES;
				ENABLE_TESTABILITY = YES;
				GCC_C_LANGUAGE_STANDARD = gnu99;
				GCC_DYNAMIC_NO_PIC = NO;
				GCC_NO_COMMON_BLOCKS = YES;
				GCC_OPTIMIZATION_LEVEL = 0;
				GCC_PREPROCESSOR_DEFINITIONS = (
					"DEBUG=1",
					"$(inherited)",
				);
				GCC_WARN_64_TO_32_BIT_CONVERSION = YES;
				GCC_WARN_ABOUT_RETURN_TYPE = YES_ERROR;
				GCC_WARN_UNDECLARED_SELECTOR = YES;
				GCC_WARN_UNINITIALIZED_AUTOS = YES_AGGRESSIVE;
				GCC_WARN_UNUSED_FUNCTION = YES;
				GCC_WARN_UNUSED_VARIABLE = YES;
				IPHONEOS_DEPLOYMENT_TARGET = 10.0;
				MTL_ENABLE_DEBUG_INFO = YES;
				ONLY_ACTIVE_ARCH = YES;
				SDKROOT = iphoneos;
				SWIFT_ACTIVE_COMPILATION_CONDITIONS = DEBUG;
				SWIFT_OPTIMIZATION_LEVEL = "-Onone";
			};
			name = Debug;
		};
		FB0C21EB1DA381080083309B /* Release */ = {
			isa = XCBuildConfiguration;
			buildSettings = {
				ALWAYS_SEARCH_USER_PATHS = NO;
				CLANG_ANALYZER_NONNULL = YES;
				CLANG_CXX_LANGUAGE_STANDARD = "gnu++0x";
				CLANG_CXX_LIBRARY = "libc++";
				CLANG_ENABLE_MODULES = YES;
				CLANG_ENABLE_OBJC_ARC = YES;
				CLANG_WARN_BOOL_CONVERSION = YES;
				CLANG_WARN_CONSTANT_CONVERSION = YES;
				CLANG_WARN_DIRECT_OBJC_ISA_USAGE = YES_ERROR;
				CLANG_WARN_DOCUMENTATION_COMMENTS = YES;
				CLANG_WARN_EMPTY_BODY = YES;
				CLANG_WARN_ENUM_CONVERSION = YES;
				CLANG_WARN_INFINITE_RECURSION = YES;
				CLANG_WARN_INT_CONVERSION = YES;
				CLANG_WARN_OBJC_ROOT_CLASS = YES_ERROR;
				CLANG_WARN_SUSPICIOUS_MOVES = YES;
				CLANG_WARN_UNREACHABLE_CODE = YES;
				CLANG_WARN__DUPLICATE_METHOD_MATCH = YES;
				"CODE_SIGN_IDENTITY[sdk=iphoneos*]" = "iPhone Developer";
				COPY_PHASE_STRIP = NO;
				DEBUG_INFORMATION_FORMAT = "dwarf-with-dsym";
				ENABLE_NS_ASSERTIONS = NO;
				ENABLE_STRICT_OBJC_MSGSEND = YES;
				GCC_C_LANGUAGE_STANDARD = gnu99;
				GCC_NO_COMMON_BLOCKS = YES;
				GCC_WARN_64_TO_32_BIT_CONVERSION = YES;
				GCC_WARN_ABOUT_RETURN_TYPE = YES_ERROR;
				GCC_WARN_UNDECLARED_SELECTOR = YES;
				GCC_WARN_UNINITIALIZED_AUTOS = YES_AGGRESSIVE;
				GCC_WARN_UNUSED_FUNCTION = YES;
				GCC_WARN_UNUSED_VARIABLE = YES;
				IPHONEOS_DEPLOYMENT_TARGET = 10.0;
				MTL_ENABLE_DEBUG_INFO = NO;
				SDKROOT = iphoneos;
				SWIFT_OPTIMIZATION_LEVEL = "-Owholemodule";
				VALIDATE_PRODUCT = YES;
			};
			name = Release;
		};
		FB0C21ED1DA381080083309B /* Debug */ = {
			isa = XCBuildConfiguration;
			buildSettings = {
				ASSETCATALOG_COMPILER_APPICON_NAME = AppIcon;
				INFOPLIST_FILE = rps/Info.plist;
				LD_RUNPATH_SEARCH_PATHS = "$(inherited) @executable_path/Frameworks";
				PRODUCT_BUNDLE_IDENTIFIER = kautilyasave.rps;
				PRODUCT_NAME = "$(TARGET_NAME)";
				SWIFT_VERSION = 3.0;
			};
			name = Debug;
		};
		FB0C21EE1DA381080083309B /* Release */ = {
			isa = XCBuildConfiguration;
			buildSettings = {
				ASSETCATALOG_COMPILER_APPICON_NAME = AppIcon;
				INFOPLIST_FILE = rps/Info.plist;
				LD_RUNPATH_SEARCH_PATHS = "$(inherited) @executable_path/Frameworks";
				PRODUCT_BUNDLE_IDENTIFIER = kautilyasave.rps;
				PRODUCT_NAME = "$(TARGET_NAME)";
				SWIFT_VERSION = 3.0;
			};
			name = Release;
		};
		FB0C21F01DA381080083309B /* Debug */ = {
			isa = XCBuildConfiguration;
			buildSettings = {
				ALWAYS_EMBED_SWIFT_STANDARD_LIBRARIES = YES;
				BUNDLE_LOADER = "$(TEST_HOST)";
				INFOPLIST_FILE = rpsTests/Info.plist;
				LD_RUNPATH_SEARCH_PATHS = "$(inherited) @executable_path/Frameworks @loader_path/Frameworks";
				PRODUCT_BUNDLE_IDENTIFIER = kautilyasave.rpsTests;
				PRODUCT_NAME = "$(TARGET_NAME)";
				SWIFT_VERSION = 3.0;
				TEST_HOST = "$(BUILT_PRODUCTS_DIR)/rps.app/rps";
			};
			name = Debug;
		};
		FB0C21F11DA381080083309B /* Release */ = {
			isa = XCBuildConfiguration;
			buildSettings = {
				ALWAYS_EMBED_SWIFT_STANDARD_LIBRARIES = YES;
				BUNDLE_LOADER = "$(TEST_HOST)";
				INFOPLIST_FILE = rpsTests/Info.plist;
				LD_RUNPATH_SEARCH_PATHS = "$(inherited) @executable_path/Frameworks @loader_path/Frameworks";
				PRODUCT_BUNDLE_IDENTIFIER = kautilyasave.rpsTests;
				PRODUCT_NAME = "$(TARGET_NAME)";
				SWIFT_VERSION = 3.0;
				TEST_HOST = "$(BUILT_PRODUCTS_DIR)/rps.app/rps";
			};
			name = Release;
		};
		FB0C21F31DA381080083309B /* Debug */ = {
			isa = XCBuildConfiguration;
			buildSettings = {
				ALWAYS_EMBED_SWIFT_STANDARD_LIBRARIES = YES;
				INFOPLIST_FILE = rpsUITests/Info.plist;
				LD_RUNPATH_SEARCH_PATHS = "$(inherited) @executable_path/Frameworks @loader_path/Frameworks";
				PRODUCT_BUNDLE_IDENTIFIER = kautilyasave.rpsUITests;
				PRODUCT_NAME = "$(TARGET_NAME)";
				SWIFT_VERSION = 3.0;
				TEST_TARGET_NAME = rps;
			};
			name = Debug;
		};
		FB0C21F41DA381080083309B /* Release */ = {
			isa = XCBuildConfiguration;
			buildSettings = {
				ALWAYS_EMBED_SWIFT_STANDARD_LIBRARIES = YES;
				INFOPLIST_FILE = rpsUITests/Info.plist;
				LD_RUNPATH_SEARCH_PATHS = "$(inherited) @executable_path/Frameworks @loader_path/Frameworks";
				PRODUCT_BUNDLE_IDENTIFIER = kautilyasave.rpsUITests;
				PRODUCT_NAME = "$(TARGET_NAME)";
				SWIFT_VERSION = 3.0;
				TEST_TARGET_NAME = rps;
			};
			name = Release;
		};
/* End XCBuildConfiguration section */

/* Begin XCConfigurationList section */
		FB0C21BF1DA381080083309B /* Build configuration list for PBXProject "rps" */ = {
			isa = XCConfigurationList;
			buildConfigurations = (
				FB0C21EA1DA381080083309B /* Debug */,
				FB0C21EB1DA381080083309B /* Release */,
			);
			defaultConfigurationIsVisible = 0;
			defaultConfigurationName = Release;
		};
		FB0C21EC1DA381080083309B /* Build configuration list for PBXNativeTarget "rps" */ = {
			isa = XCConfigurationList;
			buildConfigurations = (
				FB0C21ED1DA381080083309B /* Debug */,
				FB0C21EE1DA381080083309B /* Release */,
			);
			defaultConfigurationIsVisible = 0;
		};
		FB0C21EF1DA381080083309B /* Build configuration list for PBXNativeTarget "rpsTests" */ = {
			isa = XCConfigurationList;
			buildConfigurations = (
				FB0C21F01DA381080083309B /* Debug */,
				FB0C21F11DA381080083309B /* Release */,
			);
			defaultConfigurationIsVisible = 0;
		};
		FB0C21F21DA381080083309B /* Build configuration list for PBXNativeTarget "rpsUITests" */ = {
			isa = XCConfigurationList;
			buildConfigurations = (
				FB0C21F31DA381080083309B /* Debug */,
				FB0C21F41DA381080083309B /* Release */,
			);
			defaultConfigurationIsVisible = 0;
		};
/* End XCConfigurationList section */
	};
	rootObject = FB0C21BC1DA381080083309B /* Project object */;
}
