// !$*UTF8*$!
{
	archiveVersion = 1;
	classes = {
	};
	objectVersion = 50;
	objects = {

/* Begin PBXBuildFile section */
		FBE8C2FD260E40BC0048B672 /* AppDelegate.swift in Sources */ = {isa = PBXBuildFile; fileRef = FBE8C2FC260E40BC0048B672 /* AppDelegate.swift */; };
		FBE8C2FF260E40BC0048B672 /* SceneDelegate.swift in Sources */ = {isa = PBXBuildFile; fileRef = FBE8C2FE260E40BC0048B672 /* SceneDelegate.swift */; };
		FBE8C301260E40BC0048B672 /* ViewController.swift in Sources */ = {isa = PBXBuildFile; fileRef = FBE8C300260E40BC0048B672 /* ViewController.swift */; };
		FBE8C304260E40BC0048B672 /* Main.storyboard in Resources */ = {isa = PBXBuildFile; fileRef = FBE8C302260E40BC0048B672 /* Main.storyboard */; };
		FBE8C306260E40C00048B672 /* Assets.xcassets in Resources */ = {isa = PBXBuildFile; fileRef = FBE8C305260E40C00048B672 /* Assets.xcassets */; };
		FBE8C309260E40C00048B672 /* LaunchScreen.storyboard in Resources */ = {isa = PBXBuildFile; fileRef = FBE8C307260E40C00048B672 /* LaunchScreen.storyboard */; };
		FBE8C317260E42A80048B672 /* FlickrImages.swift in Sources */ = {isa = PBXBuildFile; fileRef = FBE8C316260E42A80048B672 /* FlickrImages.swift */; };
		FBE8C31B260E434D0048B672 /* NetworkAPI.swift in Sources */ = {isa = PBXBuildFile; fileRef = FBE8C31A260E434D0048B672 /* NetworkAPI.swift */; };
		FBE8C31E260E43910048B672 /* Constants.swift in Sources */ = {isa = PBXBuildFile; fileRef = FBE8C31D260E43910048B672 /* Constants.swift */; };
		FBE8C321260E463D0048B672 /* Helper.swift in Sources */ = {isa = PBXBuildFile; fileRef = FBE8C320260E463D0048B672 /* Helper.swift */; };
		FBE8C32B260E54A70048B672 /* MyCollectionViewCell.swift in Sources */ = {isa = PBXBuildFile; fileRef = FBE8C329260E54A70048B672 /* MyCollectionViewCell.swift */; };
		FBE8C32C260E54A70048B672 /* MyCollectionViewCell.xib in Resources */ = {isa = PBXBuildFile; fileRef = FBE8C32A260E54A70048B672 /* MyCollectionViewCell.xib */; };
/* End PBXBuildFile section */

/* Begin PBXFileReference section */
		FBE8C2F9260E40BC0048B672 /* DogsCollectionView.app */ = {isa = PBXFileReference; explicitFileType = wrapper.application; includeInIndex = 0; path = DogsCollectionView.app; sourceTree = BUILT_PRODUCTS_DIR; };
		FBE8C2FC260E40BC0048B672 /* AppDelegate.swift */ = {isa = PBXFileReference; lastKnownFileType = sourcecode.swift; path = AppDelegate.swift; sourceTree = "<group>"; };
		FBE8C2FE260E40BC0048B672 /* SceneDelegate.swift */ = {isa = PBXFileReference; lastKnownFileType = sourcecode.swift; path = SceneDelegate.swift; sourceTree = "<group>"; };
		FBE8C300260E40BC0048B672 /* ViewController.swift */ = {isa = PBXFileReference; lastKnownFileType = sourcecode.swift; path = ViewController.swift; sourceTree = "<group>"; };
		FBE8C303260E40BC0048B672 /* Base */ = {isa = PBXFileReference; lastKnownFileType = file.storyboard; name = Base; path = Base.lproj/Main.storyboard; sourceTree = "<group>"; };
		FBE8C305260E40C00048B672 /* Assets.xcassets */ = {isa = PBXFileReference; lastKnownFileType = folder.assetcatalog; path = Assets.xcassets; sourceTree = "<group>"; };
		FBE8C308260E40C00048B672 /* Base */ = {isa = PBXFileReference; lastKnownFileType = file.storyboard; name = Base; path = Base.lproj/LaunchScreen.storyboard; sourceTree = "<group>"; };
		FBE8C30A260E40C00048B672 /* Info.plist */ = {isa = PBXFileReference; lastKnownFileType = text.plist.xml; path = Info.plist; sourceTree = "<group>"; };
		FBE8C316260E42A80048B672 /* FlickrImages.swift */ = {isa = PBXFileReference; lastKnownFileType = sourcecode.swift; path = FlickrImages.swift; sourceTree = "<group>"; };
		FBE8C31A260E434D0048B672 /* NetworkAPI.swift */ = {isa = PBXFileReference; lastKnownFileType = sourcecode.swift; path = NetworkAPI.swift; sourceTree = "<group>"; };
		FBE8C31D260E43910048B672 /* Constants.swift */ = {isa = PBXFileReference; lastKnownFileType = sourcecode.swift; path = Constants.swift; sourceTree = "<group>"; };
		FBE8C320260E463D0048B672 /* Helper.swift */ = {isa = PBXFileReference; lastKnownFileType = sourcecode.swift; path = Helper.swift; sourceTree = "<group>"; };
		FBE8C329260E54A70048B672 /* MyCollectionViewCell.swift */ = {isa = PBXFileReference; lastKnownFileType = sourcecode.swift; path = MyCollectionViewCell.swift; sourceTree = "<group>"; };
		FBE8C32A260E54A70048B672 /* MyCollectionViewCell.xib */ = {isa = PBXFileReference; lastKnownFileType = file.xib; path = MyCollectionViewCell.xib; sourceTree = "<group>"; };
/* End PBXFileReference section */

/* Begin PBXFrameworksBuildPhase section */
		FBE8C2F6260E40BC0048B672 /* Frameworks */ = {
			isa = PBXFrameworksBuildPhase;
			buildActionMask = 2147483647;
			files = (
			);
			runOnlyForDeploymentPostprocessing = 0;
		};
/* End PBXFrameworksBuildPhase section */

/* Begin PBXGroup section */
		FBE8C2F0260E40BC0048B672 = {
			isa = PBXGroup;
			children = (
				FBE8C2FB260E40BC0048B672 /* DogsCollectionView */,
				FBE8C2FA260E40BC0048B672 /* Products */,
			);
			sourceTree = "<group>";
		};
		FBE8C2FA260E40BC0048B672 /* Products */ = {
			isa = PBXGroup;
			children = (
				FBE8C2F9260E40BC0048B672 /* DogsCollectionView.app */,
			);
			name = Products;
			sourceTree = "<group>";
		};
		FBE8C2FB260E40BC0048B672 /* DogsCollectionView */ = {
			isa = PBXGroup;
			children = (
				FBE8C2FC260E40BC0048B672 /* AppDelegate.swift */,
				FBE8C2FE260E40BC0048B672 /* SceneDelegate.swift */,
				FBE8C311260E42290048B672 /* Model */,
				FBE8C314260E423C0048B672 /* View */,
				FBE8C313260E42370048B672 /* Controller */,
				FBE8C315260E42510048B672 /* Utilities */,
				FBE8C30A260E40C00048B672 /* Info.plist */,
				FBE8C307260E40C00048B672 /* LaunchScreen.storyboard */,
				FBE8C305260E40C00048B672 /* Assets.xcassets */,
			);
			path = DogsCollectionView;
			sourceTree = "<group>";
		};
		FBE8C311260E42290048B672 /* Model */ = {
			isa = PBXGroup;
			children = (
				FBE8C316260E42A80048B672 /* FlickrImages.swift */,
			);
			path = Model;
			sourceTree = "<group>";
		};
		FBE8C312260E42320048B672 /* Network */ = {
			isa = PBXGroup;
			children = (
				FBE8C31A260E434D0048B672 /* NetworkAPI.swift */,
			);
			path = Network;
			sourceTree = "<group>";
		};
		FBE8C313260E42370048B672 /* Controller */ = {
			isa = PBXGroup;
			children = (
				FBE8C300260E40BC0048B672 /* ViewController.swift */,
			);
			path = Controller;
			sourceTree = "<group>";
		};
		FBE8C314260E423C0048B672 /* View */ = {
			isa = PBXGroup;
			children = (
				FBE8C302260E40BC0048B672 /* Main.storyboard */,
				FBE8C329260E54A70048B672 /* MyCollectionViewCell.swift */,
				FBE8C32A260E54A70048B672 /* MyCollectionViewCell.xib */,
			);
			path = View;
			sourceTree = "<group>";
		};
		FBE8C315260E42510048B672 /* Utilities */ = {
			isa = PBXGroup;
			children = (
				FBE8C312260E42320048B672 /* Network */,
				FBE8C31D260E43910048B672 /* Constants.swift */,
				FBE8C320260E463D0048B672 /* Helper.swift */,
			);
			path = Utilities;
			sourceTree = "<group>";
		};
/* End PBXGroup section */

/* Begin PBXNativeTarget section */
		FBE8C2F8260E40BC0048B672 /* DogsCollectionView */ = {
			isa = PBXNativeTarget;
			buildConfigurationList = FBE8C30D260E40C00048B672 /* Build configuration list for PBXNativeTarget "DogsCollectionView" */;
			buildPhases = (
				FBE8C2F5260E40BC0048B672 /* Sources */,
				FBE8C2F6260E40BC0048B672 /* Frameworks */,
				FBE8C2F7260E40BC0048B672 /* Resources */,
			);
			buildRules = (
			);
			dependencies = (
			);
			name = DogsCollectionView;
			productName = DogsCollectionView;
			productReference = FBE8C2F9260E40BC0048B672 /* DogsCollectionView.app */;
			productType = "com.apple.product-type.application";
		};
/* End PBXNativeTarget section */

/* Begin PBXProject section */
		FBE8C2F1260E40BC0048B672 /* Project object */ = {
			isa = PBXProject;
			attributes = {
				LastSwiftUpdateCheck = 1230;
				LastUpgradeCheck = 1230;
				TargetAttributes = {
					FBE8C2F8260E40BC0048B672 = {
						CreatedOnToolsVersion = 12.3;
					};
				};
			};
			buildConfigurationList = FBE8C2F4260E40BC0048B672 /* Build configuration list for PBXProject "DogsCollectionView" */;
			compatibilityVersion = "Xcode 9.3";
			developmentRegion = en;
			hasScannedForEncodings = 0;
			knownRegions = (
				en,
				Base,
			);
			mainGroup = FBE8C2F0260E40BC0048B672;
			productRefGroup = FBE8C2FA260E40BC0048B672 /* Products */;
			projectDirPath = "";
			projectRoot = "";
			targets = (
				FBE8C2F8260E40BC0048B672 /* DogsCollectionView */,
			);
		};
/* End PBXProject section */

/* Begin PBXResourcesBuildPhase section */
		FBE8C2F7260E40BC0048B672 /* Resources */ = {
			isa = PBXResourcesBuildPhase;
			buildActionMask = 2147483647;
			files = (
				FBE8C309260E40C00048B672 /* LaunchScreen.storyboard in Resources */,
				FBE8C306260E40C00048B672 /* Assets.xcassets in Resources */,
				FBE8C32C260E54A70048B672 /* MyCollectionViewCell.xib in Resources */,
				FBE8C304260E40BC0048B672 /* Main.storyboard in Resources */,
			);
			runOnlyForDeploymentPostprocessing = 0;
		};
/* End PBXResourcesBuildPhase section */

/* Begin PBXSourcesBuildPhase section */
		FBE8C2F5260E40BC0048B672 /* Sources */ = {
			isa = PBXSourcesBuildPhase;
			buildActionMask = 2147483647;
			files = (
				FBE8C301260E40BC0048B672 /* ViewController.swift in Sources */,
				FBE8C321260E463D0048B672 /* Helper.swift in Sources */,
				FBE8C32B260E54A70048B672 /* MyCollectionViewCell.swift in Sources */,
				FBE8C31B260E434D0048B672 /* NetworkAPI.swift in Sources */,
				FBE8C2FD260E40BC0048B672 /* AppDelegate.swift in Sources */,
				FBE8C317260E42A80048B672 /* FlickrImages.swift in Sources */,
				FBE8C2FF260E40BC0048B672 /* SceneDelegate.swift in Sources */,
				FBE8C31E260E43910048B672 /* Constants.swift in Sources */,
			);
			runOnlyForDeploymentPostprocessing = 0;
		};
/* End PBXSourcesBuildPhase section */

/* Begin PBXVariantGroup section */
		FBE8C302260E40BC0048B672 /* Main.storyboard */ = {
			isa = PBXVariantGroup;
			children = (
				FBE8C303260E40BC0048B672 /* Base */,
			);
			name = Main.storyboard;
			sourceTree = "<group>";
		};
		FBE8C307260E40C00048B672 /* LaunchScreen.storyboard */ = {
			isa = PBXVariantGroup;
			children = (
				FBE8C308260E40C00048B672 /* Base */,
			);
			name = LaunchScreen.storyboard;
			sourceTree = "<group>";
		};
/* End PBXVariantGroup section */

/* Begin XCBuildConfiguration section */
		FBE8C30B260E40C00048B672 /* Debug */ = {
			isa = XCBuildConfiguration;
			buildSettings = {
				ALWAYS_SEARCH_USER_PATHS = NO;
				CLANG_ANALYZER_NONNULL = YES;
				CLANG_ANALYZER_NUMBER_OBJECT_CONVERSION = YES_AGGRESSIVE;
				CLANG_CXX_LANGUAGE_STANDARD = "gnu++14";
				CLANG_CXX_LIBRARY = "libc++";
				CLANG_ENABLE_MODULES = YES;
				CLANG_ENABLE_OBJC_ARC = YES;
				CLANG_ENABLE_OBJC_WEAK = YES;
				CLANG_WARN_BLOCK_CAPTURE_AUTORELEASING = YES;
				CLANG_WARN_BOOL_CONVERSION = YES;
				CLANG_WARN_COMMA = YES;
				CLANG_WARN_CONSTANT_CONVERSION = YES;
				CLANG_WARN_DEPRECATED_OBJC_IMPLEMENTATIONS = YES;
				CLANG_WARN_DIRECT_OBJC_ISA_USAGE = YES_ERROR;
				CLANG_WARN_DOCUMENTATION_COMMENTS = YES;
				CLANG_WARN_EMPTY_BODY = YES;
				CLANG_WARN_ENUM_CONVERSION = YES;
				CLANG_WARN_INFINITE_RECURSION = YES;
				CLANG_WARN_INT_CONVERSION = YES;
				CLANG_WARN_NON_LITERAL_NULL_CONVERSION = YES;
				CLANG_WARN_OBJC_IMPLICIT_RETAIN_SELF = YES;
				CLANG_WARN_OBJC_LITERAL_CONVERSION = YES;
				CLANG_WARN_OBJC_ROOT_CLASS = YES_ERROR;
				CLANG_WARN_QUOTED_INCLUDE_IN_FRAMEWORK_HEADER = YES;
				CLANG_WARN_RANGE_LOOP_ANALYSIS = YES;
				CLANG_WARN_STRICT_PROTOTYPES = YES;
				CLANG_WARN_SUSPICIOUS_MOVE = YES;
				CLANG_WARN_UNGUARDED_AVAILABILITY = YES_AGGRESSIVE;
				CLANG_WARN_UNREACHABLE_CODE = YES;
				CLANG_WARN__DUPLICATE_METHOD_MATCH = YES;
				COPY_PHASE_STRIP = NO;
				DEBUG_INFORMATION_FORMAT = dwarf;
				ENABLE_STRICT_OBJC_MSGSEND = YES;
				ENABLE_TESTABILITY = YES;
				GCC_C_LANGUAGE_STANDARD = gnu11;
				GCC_DYNAMIC_NO_PIC = NO;
				GCC_NO_COMMON_BLOCKS = YES;
				GCC_OPTIMIZATION_LEVEL = 0;
				GCC_PREPROCESSOR_DEFINITIONS = (
					"DEBUG=1",
					"$(inherited)",
				);
				GCC_WARN_64_TO_32_BIT_CONVERSION = YES;
				GCC_WARN_ABOUT_RETURN_TYPE = YES_ERROR;
				GCC_WARN_UNDECLARED_SELECTOR = YES;
				GCC_WARN_UNINITIALIZED_AUTOS = YES_AGGRESSIVE;
				GCC_WARN_UNUSED_FUNCTION = YES;
				GCC_WARN_UNUSED_VARIABLE = YES;
				IPHONEOS_DEPLOYMENT_TARGET = 14.3;
				MTL_ENABLE_DEBUG_INFO = INCLUDE_SOURCE;
				MTL_FAST_MATH = YES;
				ONLY_ACTIVE_ARCH = YES;
				SDKROOT = iphoneos;
				SWIFT_ACTIVE_COMPILATION_CONDITIONS = DEBUG;
				SWIFT_OPTIMIZATION_LEVEL = "-Onone";
			};
			name = Debug;
		};
		FBE8C30C260E40C00048B672 /* Release */ = {
			isa = XCBuildConfiguration;
			buildSettings = {
				ALWAYS_SEARCH_USER_PATHS = NO;
				CLANG_ANALYZER_NONNULL = YES;
				CLANG_ANALYZER_NUMBER_OBJECT_CONVERSION = YES_AGGRESSIVE;
				CLANG_CXX_LANGUAGE_STANDARD = "gnu++14";
				CLANG_CXX_LIBRARY = "libc++";
				CLANG_ENABLE_MODULES = YES;
				CLANG_ENABLE_OBJC_ARC = YES;
				CLANG_ENABLE_OBJC_WEAK = YES;
				CLANG_WARN_BLOCK_CAPTURE_AUTORELEASING = YES;
				CLANG_WARN_BOOL_CONVERSION = YES;
				CLANG_WARN_COMMA = YES;
				CLANG_WARN_CONSTANT_CONVERSION = YES;
				CLANG_WARN_DEPRECATED_OBJC_IMPLEMENTATIONS = YES;
				CLANG_WARN_DIRECT_OBJC_ISA_USAGE = YES_ERROR;
				CLANG_WARN_DOCUMENTATION_COMMENTS = YES;
				CLANG_WARN_EMPTY_BODY = YES;
				CLANG_WARN_ENUM_CONVERSION = YES;
				CLANG_WARN_INFINITE_RECURSION = YES;
				CLANG_WARN_INT_CONVERSION = YES;
				CLANG_WARN_NON_LITERAL_NULL_CONVERSION = YES;
				CLANG_WARN_OBJC_IMPLICIT_RETAIN_SELF = YES;
				CLANG_WARN_OBJC_LITERAL_CONVERSION = YES;
				CLANG_WARN_OBJC_ROOT_CLASS = YES_ERROR;
				CLANG_WARN_QUOTED_INCLUDE_IN_FRAMEWORK_HEADER = YES;
				CLANG_WARN_RANGE_LOOP_ANALYSIS = YES;
				CLANG_WARN_STRICT_PROTOTYPES = YES;
				CLANG_WARN_SUSPICIOUS_MOVE = YES;
				CLANG_WARN_UNGUARDED_AVAILABILITY = YES_AGGRESSIVE;
				CLANG_WARN_UNREACHABLE_CODE = YES;
				CLANG_WARN__DUPLICATE_METHOD_MATCH = YES;
				COPY_PHASE_STRIP = NO;
				DEBUG_INFORMATION_FORMAT = "dwarf-with-dsym";
				ENABLE_NS_ASSERTIONS = NO;
				ENABLE_STRICT_OBJC_MSGSEND = YES;
				GCC_C_LANGUAGE_STANDARD = gnu11;
				GCC_NO_COMMON_BLOCKS = YES;
				GCC_WARN_64_TO_32_BIT_CONVERSION = YES;
				GCC_WARN_ABOUT_RETURN_TYPE = YES_ERROR;
				GCC_WARN_UNDECLARED_SELECTOR = YES;
				GCC_WARN_UNINITIALIZED_AUTOS = YES_AGGRESSIVE;
				GCC_WARN_UNUSED_FUNCTION = YES;
				GCC_WARN_UNUSED_VARIABLE = YES;
				IPHONEOS_DEPLOYMENT_TARGET = 14.3;
				MTL_ENABLE_DEBUG_INFO = NO;
				MTL_FAST_MATH = YES;
				SDKROOT = iphoneos;
				SWIFT_COMPILATION_MODE = wholemodule;
				SWIFT_OPTIMIZATION_LEVEL = "-O";
				VALIDATE_PRODUCT = YES;
			};
			name = Release;
		};
		FBE8C30E260E40C00048B672 /* Debug */ = {
			isa = XCBuildConfiguration;
			buildSettings = {
				ASSETCATALOG_COMPILER_APPICON_NAME = AppIcon;
				ASSETCATALOG_COMPILER_GLOBAL_ACCENT_COLOR_NAME = AccentColor;
				CODE_SIGN_STYLE = Automatic;
				DEVELOPMENT_TEAM = LGQH99U6M2;
				INFOPLIST_FILE = DogsCollectionView/Info.plist;
				LD_RUNPATH_SEARCH_PATHS = (
					"$(inherited)",
					"@executable_path/Frameworks",
				);
				PRODUCT_BUNDLE_IDENTIFIER = com.kautilyasave.DogsCollectionView;
				PRODUCT_NAME = "$(TARGET_NAME)";
				SWIFT_VERSION = 5.0;
				TARGETED_DEVICE_FAMILY = "1,2";
			};
			name = Debug;
		};
		FBE8C30F260E40C00048B672 /* Release */ = {
			isa = XCBuildConfiguration;
			buildSettings = {
				ASSETCATALOG_COMPILER_APPICON_NAME = AppIcon;
				ASSETCATALOG_COMPILER_GLOBAL_ACCENT_COLOR_NAME = AccentColor;
				CODE_SIGN_STYLE = Automatic;
				DEVELOPMENT_TEAM = LGQH99U6M2;
				INFOPLIST_FILE = DogsCollectionView/Info.plist;
				LD_RUNPATH_SEARCH_PATHS = (
					"$(inherited)",
					"@executable_path/Frameworks",
				);
				PRODUCT_BUNDLE_IDENTIFIER = com.kautilyasave.DogsCollectionView;
				PRODUCT_NAME = "$(TARGET_NAME)";
				SWIFT_VERSION = 5.0;
				TARGETED_DEVICE_FAMILY = "1,2";
			};
			name = Release;
		};
/* End XCBuildConfiguration section */

/* Begin XCConfigurationList section */
		FBE8C2F4260E40BC0048B672 /* Build configuration list for PBXProject "DogsCollectionView" */ = {
			isa = XCConfigurationList;
			buildConfigurations = (
				FBE8C30B260E40C00048B672 /* Debug */,
				FBE8C30C260E40C00048B672 /* Release */,
			);
			defaultConfigurationIsVisible = 0;
			defaultConfigurationName = Release;
		};
		FBE8C30D260E40C00048B672 /* Build configuration list for PBXNativeTarget "DogsCollectionView" */ = {
			isa = XCConfigurationList;
			buildConfigurations = (
				FBE8C30E260E40C00048B672 /* Debug */,
				FBE8C30F260E40C00048B672 /* Release */,
			);
			defaultConfigurationIsVisible = 0;
			defaultConfigurationName = Release;
		};
/* End XCConfigurationList section */
	};
	rootObject = FBE8C2F1260E40BC0048B672 /* Project object */;
}
