// !$*UTF8*$!
{
	archiveVersion = 1;
	classes = {
	};
	objectVersion = 56;
	objects = {

/* Begin PBXBuildFile section */
		439F169C2A0ADA3F00CA8931 /* SwiftUI_Adaptive_Geometry_ReaderApp.swift in Sources */ = {isa = PBXBuildFile; fileRef = 439F169B2A0ADA3F00CA8931 /* SwiftUI_Adaptive_Geometry_ReaderApp.swift */; };
		439F169E2A0ADA3F00CA8931 /* ContentView.swift in Sources */ = {isa = PBXBuildFile; fileRef = 439F169D2A0ADA3F00CA8931 /* ContentView.swift */; };
		439F16A02A0ADA4100CA8931 /* Assets.xcassets in Resources */ = {isa = PBXBuildFile; fileRef = 439F169F2A0ADA4100CA8931 /* Assets.xcassets */; };
		439F16A32A0ADA4100CA8931 /* Preview Assets.xcassets in Resources */ = {isa = PBXBuildFile; fileRef = 439F16A22A0ADA4100CA8931 /* Preview Assets.xcassets */; };
		439F16AA2A0ADA4C00CA8931 /* AdaptiveContainer.swift in Sources */ = {isa = PBXBuildFile; fileRef = 439F16A92A0ADA4C00CA8931 /* AdaptiveContainer.swift */; };
/* End PBXBuildFile section */

/* Begin PBXFileReference section */
		439F16982A0ADA3F00CA8931 /* SwiftUI-Adaptive-Geometry-Reader.app */ = {isa = PBXFileReference; explicitFileType = wrapper.application; includeInIndex = 0; path = "SwiftUI-Adaptive-Geometry-Reader.app"; sourceTree = BUILT_PRODUCTS_DIR; };
		439F169B2A0ADA3F00CA8931 /* SwiftUI_Adaptive_Geometry_ReaderApp.swift */ = {isa = PBXFileReference; lastKnownFileType = sourcecode.swift; path = SwiftUI_Adaptive_Geometry_ReaderApp.swift; sourceTree = "<group>"; };
		439F169D2A0ADA3F00CA8931 /* ContentView.swift */ = {isa = PBXFileReference; lastKnownFileType = sourcecode.swift; path = ContentView.swift; sourceTree = "<group>"; };
		439F169F2A0ADA4100CA8931 /* Assets.xcassets */ = {isa = PBXFileReference; lastKnownFileType = folder.assetcatalog; path = Assets.xcassets; sourceTree = "<group>"; };
		439F16A22A0ADA4100CA8931 /* Preview Assets.xcassets */ = {isa = PBXFileReference; lastKnownFileType = folder.assetcatalog; path = "Preview Assets.xcassets"; sourceTree = "<group>"; };
		439F16A92A0ADA4C00CA8931 /* AdaptiveContainer.swift */ = {isa = PBXFileReference; lastKnownFileType = sourcecode.swift; path = AdaptiveContainer.swift; sourceTree = "<group>"; };
/* End PBXFileReference section */

/* Begin PBXFrameworksBuildPhase section */
		439F16952A0ADA3F00CA8931 /* Frameworks */ = {
			isa = PBXFrameworksBuildPhase;
			buildActionMask = 2147483647;
			files = (
			);
			runOnlyForDeploymentPostprocessing = 0;
		};
/* End PBXFrameworksBuildPhase section */

/* Begin PBXGroup section */
		439F168F2A0ADA3F00CA8931 = {
			isa = PBXGroup;
			children = (
				439F169A2A0ADA3F00CA8931 /* SwiftUI-Adaptive-Geometry-Reader */,
				439F16992A0ADA3F00CA8931 /* Products */,
			);
			sourceTree = "<group>";
		};
		439F16992A0ADA3F00CA8931 /* Products */ = {
			isa = PBXGroup;
			children = (
				439F16982A0ADA3F00CA8931 /* SwiftUI-Adaptive-Geometry-Reader.app */,
			);
			name = Products;
			sourceTree = "<group>";
		};
		439F169A2A0ADA3F00CA8931 /* SwiftUI-Adaptive-Geometry-Reader */ = {
			isa = PBXGroup;
			children = (
				439F169B2A0ADA3F00CA8931 /* SwiftUI_Adaptive_Geometry_ReaderApp.swift */,
				439F169D2A0ADA3F00CA8931 /* ContentView.swift */,
				439F169F2A0ADA4100CA8931 /* Assets.xcassets */,
				439F16A12A0ADA4100CA8931 /* Preview Content */,
				439F16A92A0ADA4C00CA8931 /* AdaptiveContainer.swift */,
			);
			path = "SwiftUI-Adaptive-Geometry-Reader";
			sourceTree = "<group>";
		};
		439F16A12A0ADA4100CA8931 /* Preview Content */ = {
			isa = PBXGroup;
			children = (
				439F16A22A0ADA4100CA8931 /* Preview Assets.xcassets */,
			);
			path = "Preview Content";
			sourceTree = "<group>";
		};
/* End PBXGroup section */

/* Begin PBXNativeTarget section */
		439F16972A0ADA3F00CA8931 /* SwiftUI-Adaptive-Geometry-Reader */ = {
			isa = PBXNativeTarget;
			buildConfigurationList = 439F16A62A0ADA4100CA8931 /* Build configuration list for PBXNativeTarget "SwiftUI-Adaptive-Geometry-Reader" */;
			buildPhases = (
				439F16942A0ADA3F00CA8931 /* Sources */,
				439F16952A0ADA3F00CA8931 /* Frameworks */,
				439F16962A0ADA3F00CA8931 /* Resources */,
			);
			buildRules = (
			);
			dependencies = (
			);
			name = "SwiftUI-Adaptive-Geometry-Reader";
			productName = "SwiftUI-Adaptive-Geometry-Reader";
			productReference = 439F16982A0ADA3F00CA8931 /* SwiftUI-Adaptive-Geometry-Reader.app */;
			productType = "com.apple.product-type.application";
		};
/* End PBXNativeTarget section */

/* Begin PBXProject section */
		439F16902A0ADA3F00CA8931 /* Project object */ = {
			isa = PBXProject;
			attributes = {
				BuildIndependentTargetsInParallel = 1;
				LastSwiftUpdateCheck = 1430;
				LastUpgradeCheck = 1430;
				TargetAttributes = {
					439F16972A0ADA3F00CA8931 = {
						CreatedOnToolsVersion = 14.3;
					};
				};
			};
			buildConfigurationList = 439F16932A0ADA3F00CA8931 /* Build configuration list for PBXProject "SwiftUI-Adaptive-Geometry-Reader" */;
			compatibilityVersion = "Xcode 14.0";
			developmentRegion = en;
			hasScannedForEncodings = 0;
			knownRegions = (
				en,
				Base,
			);
			mainGroup = 439F168F2A0ADA3F00CA8931;
			productRefGroup = 439F16992A0ADA3F00CA8931 /* Products */;
			projectDirPath = "";
			projectRoot = "";
			targets = (
				439F16972A0ADA3F00CA8931 /* SwiftUI-Adaptive-Geometry-Reader */,
			);
		};
/* End PBXProject section */

/* Begin PBXResourcesBuildPhase section */
		439F16962A0ADA3F00CA8931 /* Resources */ = {
			isa = PBXResourcesBuildPhase;
			buildActionMask = 2147483647;
			files = (
				439F16A32A0ADA4100CA8931 /* Preview Assets.xcassets in Resources */,
				439F16A02A0ADA4100CA8931 /* Assets.xcassets in Resources */,
			);
			runOnlyForDeploymentPostprocessing = 0;
		};
/* End PBXResourcesBuildPhase section */

/* Begin PBXSourcesBuildPhase section */
		439F16942A0ADA3F00CA8931 /* Sources */ = {
			isa = PBXSourcesBuildPhase;
			buildActionMask = 2147483647;
			files = (
				439F169E2A0ADA3F00CA8931 /* ContentView.swift in Sources */,
				439F16AA2A0ADA4C00CA8931 /* AdaptiveContainer.swift in Sources */,
				439F169C2A0ADA3F00CA8931 /* SwiftUI_Adaptive_Geometry_ReaderApp.swift in Sources */,
			);
			runOnlyForDeploymentPostprocessing = 0;
		};
/* End PBXSourcesBuildPhase section */

/* Begin XCBuildConfiguration section */
		439F16A42A0ADA4100CA8931 /* Debug */ = {
			isa = XCBuildConfiguration;
			buildSettings = {
				ALWAYS_SEARCH_USER_PATHS = NO;
				CLANG_ANALYZER_NONNULL = YES;
				CLANG_ANALYZER_NUMBER_OBJECT_CONVERSION = YES_AGGRESSIVE;
				CLANG_CXX_LANGUAGE_STANDARD = "gnu++20";
				CLANG_ENABLE_MODULES = YES;
				CLANG_ENABLE_OBJC_ARC = YES;
				CLANG_ENABLE_OBJC_WEAK = YES;
				CLANG_WARN_BLOCK_CAPTURE_AUTORELEASING = YES;
				CLANG_WARN_BOOL_CONVERSION = YES;
				CLANG_WARN_COMMA = YES;
				CLANG_WARN_CONSTANT_CONVERSION = YES;
				CLANG_WARN_DEPRECATED_OBJC_IMPLEMENTATIONS = YES;
				CLANG_WARN_DIRECT_OBJC_ISA_USAGE = YES_ERROR;
				CLANG_WARN_DOCUMENTATION_COMMENTS = YES;
				CLANG_WARN_EMPTY_BODY = YES;
				CLANG_WARN_ENUM_CONVERSION = YES;
				CLANG_WARN_INFINITE_RECURSION = YES;
				CLANG_WARN_INT_CONVERSION = YES;
				CLANG_WARN_NON_LITERAL_NULL_CONVERSION = YES;
				CLANG_WARN_OBJC_IMPLICIT_RETAIN_SELF = YES;
				CLANG_WARN_OBJC_LITERAL_CONVERSION = YES;
				CLANG_WARN_OBJC_ROOT_CLASS = YES_ERROR;
				CLANG_WARN_QUOTED_INCLUDE_IN_FRAMEWORK_HEADER = YES;
				CLANG_WARN_RANGE_LOOP_ANALYSIS = YES;
				CLANG_WARN_STRICT_PROTOTYPES = YES;
				CLANG_WARN_SUSPICIOUS_MOVE = YES;
				CLANG_WARN_UNGUARDED_AVAILABILITY = YES_AGGRESSIVE;
				CLANG_WARN_UNREACHABLE_CODE = YES;
				CLANG_WARN__DUPLICATE_METHOD_MATCH = YES;
				COPY_PHASE_STRIP = NO;
				DEBUG_INFORMATION_FORMAT = dwarf;
				ENABLE_STRICT_OBJC_MSGSEND = YES;
				ENABLE_TESTABILITY = YES;
				GCC_C_LANGUAGE_STANDARD = gnu11;
				GCC_DYNAMIC_NO_PIC = NO;
				GCC_NO_COMMON_BLOCKS = YES;
				GCC_OPTIMIZATION_LEVEL = 0;
				GCC_PREPROCESSOR_DEFINITIONS = (
					"DEBUG=1",
					"$(inherited)",
				);
				GCC_WARN_64_TO_32_BIT_CONVERSION = YES;
				GCC_WARN_ABOUT_RETURN_TYPE = YES_ERROR;
				GCC_WARN_UNDECLARED_SELECTOR = YES;
				GCC_WARN_UNINITIALIZED_AUTOS = YES_AGGRESSIVE;
				GCC_WARN_UNUSED_FUNCTION = YES;
				GCC_WARN_UNUSED_VARIABLE = YES;
				IPHONEOS_DEPLOYMENT_TARGET = 16.4;
				MTL_ENABLE_DEBUG_INFO = INCLUDE_SOURCE;
				MTL_FAST_MATH = YES;
				ONLY_ACTIVE_ARCH = YES;
				SDKROOT = iphoneos;
				SWIFT_ACTIVE_COMPILATION_CONDITIONS = DEBUG;
				SWIFT_OPTIMIZATION_LEVEL = "-Onone";
			};
			name = Debug;
		};
		439F16A52A0ADA4100CA8931 /* Release */ = {
			isa = XCBuildConfiguration;
			buildSettings = {
				ALWAYS_SEARCH_USER_PATHS = NO;
				CLANG_ANALYZER_NONNULL = YES;
				CLANG_ANALYZER_NUMBER_OBJECT_CONVERSION = YES_AGGRESSIVE;
				CLANG_CXX_LANGUAGE_STANDARD = "gnu++20";
				CLANG_ENABLE_MODULES = YES;
				CLANG_ENABLE_OBJC_ARC = YES;
				CLANG_ENABLE_OBJC_WEAK = YES;
				CLANG_WARN_BLOCK_CAPTURE_AUTORELEASING = YES;
				CLANG_WARN_BOOL_CONVERSION = YES;
				CLANG_WARN_COMMA = YES;
				CLANG_WARN_CONSTANT_CONVERSION = YES;
				CLANG_WARN_DEPRECATED_OBJC_IMPLEMENTATIONS = YES;
				CLANG_WARN_DIRECT_OBJC_ISA_USAGE = YES_ERROR;
				CLANG_WARN_DOCUMENTATION_COMMENTS = YES;
				CLANG_WARN_EMPTY_BODY = YES;
				CLANG_WARN_ENUM_CONVERSION = YES;
				CLANG_WARN_INFINITE_RECURSION = YES;
				CLANG_WARN_INT_CONVERSION = YES;
				CLANG_WARN_NON_LITERAL_NULL_CONVERSION = YES;
				CLANG_WARN_OBJC_IMPLICIT_RETAIN_SELF = YES;
				CLANG_WARN_OBJC_LITERAL_CONVERSION = YES;
				CLANG_WARN_OBJC_ROOT_CLASS = YES_ERROR;
				CLANG_WARN_QUOTED_INCLUDE_IN_FRAMEWORK_HEADER = YES;
				CLANG_WARN_RANGE_LOOP_ANALYSIS = YES;
				CLANG_WARN_STRICT_PROTOTYPES = YES;
				CLANG_WARN_SUSPICIOUS_MOVE = YES;
				CLANG_WARN_UNGUARDED_AVAILABILITY = YES_AGGRESSIVE;
				CLANG_WARN_UNREACHABLE_CODE = YES;
				CLANG_WARN__DUPLICATE_METHOD_MATCH = YES;
				COPY_PHASE_STRIP = NO;
				DEBUG_INFORMATION_FORMAT = "dwarf-with-dsym";
				ENABLE_NS_ASSERTIONS = NO;
				ENABLE_STRICT_OBJC_MSGSEND = YES;
				GCC_C_LANGUAGE_STANDARD = gnu11;
				GCC_NO_COMMON_BLOCKS = YES;
				GCC_WARN_64_TO_32_BIT_CONVERSION = YES;
				GCC_WARN_ABOUT_RETURN_TYPE = YES_ERROR;
				GCC_WARN_UNDECLARED_SELECTOR = YES;
				GCC_WARN_UNINITIALIZED_AUTOS = YES_AGGRESSIVE;
				GCC_WARN_UNUSED_FUNCTION = YES;
				GCC_WARN_UNUSED_VARIABLE = YES;
				IPHONEOS_DEPLOYMENT_TARGET = 16.4;
				MTL_ENABLE_DEBUG_INFO = NO;
				MTL_FAST_MATH = YES;
				SDKROOT = iphoneos;
				SWIFT_COMPILATION_MODE = wholemodule;
				SWIFT_OPTIMIZATION_LEVEL = "-O";
				VALIDATE_PRODUCT = YES;
			};
			name = Release;
		};
		439F16A72A0ADA4100CA8931 /* Debug */ = {
			isa = XCBuildConfiguration;
			buildSettings = {
				ASSETCATALOG_COMPILER_APPICON_NAME = AppIcon;
				ASSETCATALOG_COMPILER_GLOBAL_ACCENT_COLOR_NAME = AccentColor;
				CODE_SIGN_STYLE = Automatic;
				CURRENT_PROJECT_VERSION = 1;
				DEVELOPMENT_ASSET_PATHS = "\"SwiftUI-Adaptive-Geometry-Reader/Preview Content\"";
				DEVELOPMENT_TEAM = LGQH99U6M2;
				ENABLE_PREVIEWS = YES;
				GENERATE_INFOPLIST_FILE = YES;
				INFOPLIST_KEY_UIApplicationSceneManifest_Generation = YES;
				INFOPLIST_KEY_UIApplicationSupportsIndirectInputEvents = YES;
				INFOPLIST_KEY_UILaunchScreen_Generation = YES;
				INFOPLIST_KEY_UISupportedInterfaceOrientations_iPad = "UIInterfaceOrientationPortrait UIInterfaceOrientationPortraitUpsideDown UIInterfaceOrientationLandscapeLeft UIInterfaceOrientationLandscapeRight";
				INFOPLIST_KEY_UISupportedInterfaceOrientations_iPhone = "UIInterfaceOrientationPortrait UIInterfaceOrientationLandscapeLeft UIInterfaceOrientationLandscapeRight";
				LD_RUNPATH_SEARCH_PATHS = (
					"$(inherited)",
					"@executable_path/Frameworks",
				);
				MARKETING_VERSION = 1.0;
				PRODUCT_BUNDLE_IDENTIFIER = "com.sensehack.SwiftUI-Adaptive-Geometry-Reader";
				PRODUCT_NAME = "$(TARGET_NAME)";
				SWIFT_EMIT_LOC_STRINGS = YES;
				SWIFT_VERSION = 5.0;
				TARGETED_DEVICE_FAMILY = "1,2";
			};
			name = Debug;
		};
		439F16A82A0ADA4100CA8931 /* Release */ = {
			isa = XCBuildConfiguration;
			buildSettings = {
				ASSETCATALOG_COMPILER_APPICON_NAME = AppIcon;
				ASSETCATALOG_COMPILER_GLOBAL_ACCENT_COLOR_NAME = AccentColor;
				CODE_SIGN_STYLE = Automatic;
				CURRENT_PROJECT_VERSION = 1;
				DEVELOPMENT_ASSET_PATHS = "\"SwiftUI-Adaptive-Geometry-Reader/Preview Content\"";
				DEVELOPMENT_TEAM = LGQH99U6M2;
				ENABLE_PREVIEWS = YES;
				GENERATE_INFOPLIST_FILE = YES;
				INFOPLIST_KEY_UIApplicationSceneManifest_Generation = YES;
				INFOPLIST_KEY_UIApplicationSupportsIndirectInputEvents = YES;
				INFOPLIST_KEY_UILaunchScreen_Generation = YES;
				INFOPLIST_KEY_UISupportedInterfaceOrientations_iPad = "UIInterfaceOrientationPortrait UIInterfaceOrientationPortraitUpsideDown UIInterfaceOrientationLandscapeLeft UIInterfaceOrientationLandscapeRight";
				INFOPLIST_KEY_UISupportedInterfaceOrientations_iPhone = "UIInterfaceOrientationPortrait UIInterfaceOrientationLandscapeLeft UIInterfaceOrientationLandscapeRight";
				LD_RUNPATH_SEARCH_PATHS = (
					"$(inherited)",
					"@executable_path/Frameworks",
				);
				MARKETING_VERSION = 1.0;
				PRODUCT_BUNDLE_IDENTIFIER = "com.sensehack.SwiftUI-Adaptive-Geometry-Reader";
				PRODUCT_NAME = "$(TARGET_NAME)";
				SWIFT_EMIT_LOC_STRINGS = YES;
				SWIFT_VERSION = 5.0;
				TARGETED_DEVICE_FAMILY = "1,2";
			};
			name = Release;
		};
/* End XCBuildConfiguration section */

/* Begin XCConfigurationList section */
		439F16932A0ADA3F00CA8931 /* Build configuration list for PBXProject "SwiftUI-Adaptive-Geometry-Reader" */ = {
			isa = XCConfigurationList;
			buildConfigurations = (
				439F16A42A0ADA4100CA8931 /* Debug */,
				439F16A52A0ADA4100CA8931 /* Release */,
			);
			defaultConfigurationIsVisible = 0;
			defaultConfigurationName = Release;
		};
		439F16A62A0ADA4100CA8931 /* Build configuration list for PBXNativeTarget "SwiftUI-Adaptive-Geometry-Reader" */ = {
			isa = XCConfigurationList;
			buildConfigurations = (
				439F16A72A0ADA4100CA8931 /* Debug */,
				439F16A82A0ADA4100CA8931 /* Release */,
			);
			defaultConfigurationIsVisible = 0;
			defaultConfigurationName = Release;
		};
/* End XCConfigurationList section */
	};
	rootObject = 439F16902A0ADA3F00CA8931 /* Project object */;
}
