// !$*UTF8*$!
{
	archiveVersion = 1;
	classes = {
	};
	objectVersion = 56;
	objects = {

/* Begin PBXBuildFile section */
		43E561EC29EC3C9A00314994 /* combine_assignApp.swift in Sources */ = {isa = PBXBuildFile; fileRef = 43E561EB29EC3C9A00314994 /* combine_assignApp.swift */; };
		43E561EE29EC3C9A00314994 /* ContentView.swift in Sources */ = {isa = PBXBuildFile; fileRef = 43E561ED29EC3C9A00314994 /* ContentView.swift */; };
		43E561F029EC3C9B00314994 /* Assets.xcassets in Resources */ = {isa = PBXBuildFile; fileRef = 43E561EF29EC3C9B00314994 /* Assets.xcassets */; };
		43E561F329EC3C9B00314994 /* Preview Assets.xcassets in Resources */ = {isa = PBXBuildFile; fileRef = 43E561F229EC3C9B00314994 /* Preview Assets.xcassets */; };
		43E561FA29EC3CA400314994 /* QuotesViewModel.swift in Sources */ = {isa = PBXBuildFile; fileRef = 43E561F929EC3CA400314994 /* QuotesViewModel.swift */; };
		43E561FD29EC3CE800314994 /* swift-sense in Frameworks */ = {isa = PBXBuildFile; productRef = 43E561FC29EC3CE800314994 /* swift-sense */; };
/* End PBXBuildFile section */

/* Begin PBXFileReference section */
		43E561E829EC3C9A00314994 /* combine-assign.app */ = {isa = PBXFileReference; explicitFileType = wrapper.application; includeInIndex = 0; path = "combine-assign.app"; sourceTree = BUILT_PRODUCTS_DIR; };
		43E561EB29EC3C9A00314994 /* combine_assignApp.swift */ = {isa = PBXFileReference; lastKnownFileType = sourcecode.swift; path = combine_assignApp.swift; sourceTree = "<group>"; };
		43E561ED29EC3C9A00314994 /* ContentView.swift */ = {isa = PBXFileReference; lastKnownFileType = sourcecode.swift; path = ContentView.swift; sourceTree = "<group>"; };
		43E561EF29EC3C9B00314994 /* Assets.xcassets */ = {isa = PBXFileReference; lastKnownFileType = folder.assetcatalog; path = Assets.xcassets; sourceTree = "<group>"; };
		43E561F229EC3C9B00314994 /* Preview Assets.xcassets */ = {isa = PBXFileReference; lastKnownFileType = folder.assetcatalog; path = "Preview Assets.xcassets"; sourceTree = "<group>"; };
		43E561F929EC3CA400314994 /* QuotesViewModel.swift */ = {isa = PBXFileReference; lastKnownFileType = sourcecode.swift; path = QuotesViewModel.swift; sourceTree = "<group>"; };
/* End PBXFileReference section */

/* Begin PBXFrameworksBuildPhase section */
		43E561E529EC3C9A00314994 /* Frameworks */ = {
			isa = PBXFrameworksBuildPhase;
			buildActionMask = 2147483647;
			files = (
				43E561FD29EC3CE800314994 /* swift-sense in Frameworks */,
			);
			runOnlyForDeploymentPostprocessing = 0;
		};
/* End PBXFrameworksBuildPhase section */

/* Begin PBXGroup section */
		43E561DF29EC3C9A00314994 = {
			isa = PBXGroup;
			children = (
				43E561EA29EC3C9A00314994 /* combine-assign */,
				43E561E929EC3C9A00314994 /* Products */,
			);
			sourceTree = "<group>";
		};
		43E561E929EC3C9A00314994 /* Products */ = {
			isa = PBXGroup;
			children = (
				43E561E829EC3C9A00314994 /* combine-assign.app */,
			);
			name = Products;
			sourceTree = "<group>";
		};
		43E561EA29EC3C9A00314994 /* combine-assign */ = {
			isa = PBXGroup;
			children = (
				43E561EB29EC3C9A00314994 /* combine_assignApp.swift */,
				43E561ED29EC3C9A00314994 /* ContentView.swift */,
				43E561EF29EC3C9B00314994 /* Assets.xcassets */,
				43E561F129EC3C9B00314994 /* Preview Content */,
				43E561F929EC3CA400314994 /* QuotesViewModel.swift */,
			);
			path = "combine-assign";
			sourceTree = "<group>";
		};
		43E561F129EC3C9B00314994 /* Preview Content */ = {
			isa = PBXGroup;
			children = (
				43E561F229EC3C9B00314994 /* Preview Assets.xcassets */,
			);
			path = "Preview Content";
			sourceTree = "<group>";
		};
/* End PBXGroup section */

/* Begin PBXNativeTarget section */
		43E561E729EC3C9A00314994 /* combine-assign */ = {
			isa = PBXNativeTarget;
			buildConfigurationList = 43E561F629EC3C9B00314994 /* Build configuration list for PBXNativeTarget "combine-assign" */;
			buildPhases = (
				43E561E429EC3C9A00314994 /* Sources */,
				43E561E529EC3C9A00314994 /* Frameworks */,
				43E561E629EC3C9A00314994 /* Resources */,
			);
			buildRules = (
			);
			dependencies = (
			);
			name = "combine-assign";
			packageProductDependencies = (
				43E561FC29EC3CE800314994 /* swift-sense */,
			);
			productName = "combine-assign";
			productReference = 43E561E829EC3C9A00314994 /* combine-assign.app */;
			productType = "com.apple.product-type.application";
		};
/* End PBXNativeTarget section */

/* Begin PBXProject section */
		43E561E029EC3C9A00314994 /* Project object */ = {
			isa = PBXProject;
			attributes = {
				BuildIndependentTargetsInParallel = 1;
				LastSwiftUpdateCheck = 1430;
				LastUpgradeCheck = 1430;
				TargetAttributes = {
					43E561E729EC3C9A00314994 = {
						CreatedOnToolsVersion = 14.3;
					};
				};
			};
			buildConfigurationList = 43E561E329EC3C9A00314994 /* Build configuration list for PBXProject "combine-assign" */;
			compatibilityVersion = "Xcode 14.0";
			developmentRegion = en;
			hasScannedForEncodings = 0;
			knownRegions = (
				en,
				Base,
			);
			mainGroup = 43E561DF29EC3C9A00314994;
			packageReferences = (
				43E561FB29EC3CE800314994 /* XCRemoteSwiftPackageReference "swift-sense" */,
			);
			productRefGroup = 43E561E929EC3C9A00314994 /* Products */;
			projectDirPath = "";
			projectRoot = "";
			targets = (
				43E561E729EC3C9A00314994 /* combine-assign */,
			);
		};
/* End PBXProject section */

/* Begin PBXResourcesBuildPhase section */
		43E561E629EC3C9A00314994 /* Resources */ = {
			isa = PBXResourcesBuildPhase;
			buildActionMask = 2147483647;
			files = (
				43E561F329EC3C9B00314994 /* Preview Assets.xcassets in Resources */,
				43E561F029EC3C9B00314994 /* Assets.xcassets in Resources */,
			);
			runOnlyForDeploymentPostprocessing = 0;
		};
/* End PBXResourcesBuildPhase section */

/* Begin PBXSourcesBuildPhase section */
		43E561E429EC3C9A00314994 /* Sources */ = {
			isa = PBXSourcesBuildPhase;
			buildActionMask = 2147483647;
			files = (
				43E561EE29EC3C9A00314994 /* ContentView.swift in Sources */,
				43E561FA29EC3CA400314994 /* QuotesViewModel.swift in Sources */,
				43E561EC29EC3C9A00314994 /* combine_assignApp.swift in Sources */,
			);
			runOnlyForDeploymentPostprocessing = 0;
		};
/* End PBXSourcesBuildPhase section */

/* Begin XCBuildConfiguration section */
		43E561F429EC3C9B00314994 /* Debug */ = {
			isa = XCBuildConfiguration;
			buildSettings = {
				ALWAYS_SEARCH_USER_PATHS = NO;
				CLANG_ANALYZER_NONNULL = YES;
				CLANG_ANALYZER_NUMBER_OBJECT_CONVERSION = YES_AGGRESSIVE;
				CLANG_CXX_LANGUAGE_STANDARD = "gnu++20";
				CLANG_ENABLE_MODULES = YES;
				CLANG_ENABLE_OBJC_ARC = YES;
				CLANG_ENABLE_OBJC_WEAK = YES;
				CLANG_WARN_BLOCK_CAPTURE_AUTORELEASING = YES;
				CLANG_WARN_BOOL_CONVERSION = YES;
				CLANG_WARN_COMMA = YES;
				CLANG_WARN_CONSTANT_CONVERSION = YES;
				CLANG_WARN_DEPRECATED_OBJC_IMPLEMENTATIONS = YES;
				CLANG_WARN_DIRECT_OBJC_ISA_USAGE = YES_ERROR;
				CLANG_WARN_DOCUMENTATION_COMMENTS = YES;
				CLANG_WARN_EMPTY_BODY = YES;
				CLANG_WARN_ENUM_CONVERSION = YES;
				CLANG_WARN_INFINITE_RECURSION = YES;
				CLANG_WARN_INT_CONVERSION = YES;
				CLANG_WARN_NON_LITERAL_NULL_CONVERSION = YES;
				CLANG_WARN_OBJC_IMPLICIT_RETAIN_SELF = YES;
				CLANG_WARN_OBJC_LITERAL_CONVERSION = YES;
				CLANG_WARN_OBJC_ROOT_CLASS = YES_ERROR;
				CLANG_WARN_QUOTED_INCLUDE_IN_FRAMEWORK_HEADER = YES;
				CLANG_WARN_RANGE_LOOP_ANALYSIS = YES;
				CLANG_WARN_STRICT_PROTOTYPES = YES;
				CLANG_WARN_SUSPICIOUS_MOVE = YES;
				CLANG_WARN_UNGUARDED_AVAILABILITY = YES_AGGRESSIVE;
				CLANG_WARN_UNREACHABLE_CODE = YES;
				CLANG_WARN__DUPLICATE_METHOD_MATCH = YES;
				COPY_PHASE_STRIP = NO;
				DEBUG_INFORMATION_FORMAT = dwarf;
				ENABLE_STRICT_OBJC_MSGSEND = YES;
				ENABLE_TESTABILITY = YES;
				GCC_C_LANGUAGE_STANDARD = gnu11;
				GCC_DYNAMIC_NO_PIC = NO;
				GCC_NO_COMMON_BLOCKS = YES;
				GCC_OPTIMIZATION_LEVEL = 0;
				GCC_PREPROCESSOR_DEFINITIONS = (
					"DEBUG=1",
					"$(inherited)",
				);
				GCC_WARN_64_TO_32_BIT_CONVERSION = YES;
				GCC_WARN_ABOUT_RETURN_TYPE = YES_ERROR;
				GCC_WARN_UNDECLARED_SELECTOR = YES;
				GCC_WARN_UNINITIALIZED_AUTOS = YES_AGGRESSIVE;
				GCC_WARN_UNUSED_FUNCTION = YES;
				GCC_WARN_UNUSED_VARIABLE = YES;
				IPHONEOS_DEPLOYMENT_TARGET = 16.4;
				MTL_ENABLE_DEBUG_INFO = INCLUDE_SOURCE;
				MTL_FAST_MATH = YES;
				ONLY_ACTIVE_ARCH = YES;
				SDKROOT = iphoneos;
				SWIFT_ACTIVE_COMPILATION_CONDITIONS = DEBUG;
				SWIFT_OPTIMIZATION_LEVEL = "-Onone";
			};
			name = Debug;
		};
		43E561F529EC3C9B00314994 /* Release */ = {
			isa = XCBuildConfiguration;
			buildSettings = {
				ALWAYS_SEARCH_USER_PATHS = NO;
				CLANG_ANALYZER_NONNULL = YES;
				CLANG_ANALYZER_NUMBER_OBJECT_CONVERSION = YES_AGGRESSIVE;
				CLANG_CXX_LANGUAGE_STANDARD = "gnu++20";
				CLANG_ENABLE_MODULES = YES;
				CLANG_ENABLE_OBJC_ARC = YES;
				CLANG_ENABLE_OBJC_WEAK = YES;
				CLANG_WARN_BLOCK_CAPTURE_AUTORELEASING = YES;
				CLANG_WARN_BOOL_CONVERSION = YES;
				CLANG_WARN_COMMA = YES;
				CLANG_WARN_CONSTANT_CONVERSION = YES;
				CLANG_WARN_DEPRECATED_OBJC_IMPLEMENTATIONS = YES;
				CLANG_WARN_DIRECT_OBJC_ISA_USAGE = YES_ERROR;
				CLANG_WARN_DOCUMENTATION_COMMENTS = YES;
				CLANG_WARN_EMPTY_BODY = YES;
				CLANG_WARN_ENUM_CONVERSION = YES;
				CLANG_WARN_INFINITE_RECURSION = YES;
				CLANG_WARN_INT_CONVERSION = YES;
				CLANG_WARN_NON_LITERAL_NULL_CONVERSION = YES;
				CLANG_WARN_OBJC_IMPLICIT_RETAIN_SELF = YES;
				CLANG_WARN_OBJC_LITERAL_CONVERSION = YES;
				CLANG_WARN_OBJC_ROOT_CLASS = YES_ERROR;
				CLANG_WARN_QUOTED_INCLUDE_IN_FRAMEWORK_HEADER = YES;
				CLANG_WARN_RANGE_LOOP_ANALYSIS = YES;
				CLANG_WARN_STRICT_PROTOTYPES = YES;
				CLANG_WARN_SUSPICIOUS_MOVE = YES;
				CLANG_WARN_UNGUARDED_AVAILABILITY = YES_AGGRESSIVE;
				CLANG_WARN_UNREACHABLE_CODE = YES;
				CLANG_WARN__DUPLICATE_METHOD_MATCH = YES;
				COPY_PHASE_STRIP = NO;
				DEBUG_INFORMATION_FORMAT = "dwarf-with-dsym";
				ENABLE_NS_ASSERTIONS = NO;
				ENABLE_STRICT_OBJC_MSGSEND = YES;
				GCC_C_LANGUAGE_STANDARD = gnu11;
				GCC_NO_COMMON_BLOCKS = YES;
				GCC_WARN_64_TO_32_BIT_CONVERSION = YES;
				GCC_WARN_ABOUT_RETURN_TYPE = YES_ERROR;
				GCC_WARN_UNDECLARED_SELECTOR = YES;
				GCC_WARN_UNINITIALIZED_AUTOS = YES_AGGRESSIVE;
				GCC_WARN_UNUSED_FUNCTION = YES;
				GCC_WARN_UNUSED_VARIABLE = YES;
				IPHONEOS_DEPLOYMENT_TARGET = 16.4;
				MTL_ENABLE_DEBUG_INFO = NO;
				MTL_FAST_MATH = YES;
				SDKROOT = iphoneos;
				SWIFT_COMPILATION_MODE = wholemodule;
				SWIFT_OPTIMIZATION_LEVEL = "-O";
				VALIDATE_PRODUCT = YES;
			};
			name = Release;
		};
		43E561F729EC3C9B00314994 /* Debug */ = {
			isa = XCBuildConfiguration;
			buildSettings = {
				ASSETCATALOG_COMPILER_APPICON_NAME = AppIcon;
				ASSETCATALOG_COMPILER_GLOBAL_ACCENT_COLOR_NAME = AccentColor;
				CODE_SIGN_STYLE = Automatic;
				CURRENT_PROJECT_VERSION = 1;
				DEVELOPMENT_ASSET_PATHS = "\"combine-assign/Preview Content\"";
				DEVELOPMENT_TEAM = LGQH99U6M2;
				ENABLE_PREVIEWS = YES;
				GENERATE_INFOPLIST_FILE = YES;
				INFOPLIST_KEY_UIApplicationSceneManifest_Generation = YES;
				INFOPLIST_KEY_UIApplicationSupportsIndirectInputEvents = YES;
				INFOPLIST_KEY_UILaunchScreen_Generation = YES;
				INFOPLIST_KEY_UISupportedInterfaceOrientations_iPad = "UIInterfaceOrientationPortrait UIInterfaceOrientationPortraitUpsideDown UIInterfaceOrientationLandscapeLeft UIInterfaceOrientationLandscapeRight";
				INFOPLIST_KEY_UISupportedInterfaceOrientations_iPhone = "UIInterfaceOrientationPortrait UIInterfaceOrientationLandscapeLeft UIInterfaceOrientationLandscapeRight";
				LD_RUNPATH_SEARCH_PATHS = (
					"$(inherited)",
					"@executable_path/Frameworks",
				);
				MARKETING_VERSION = 1.0;
				PRODUCT_BUNDLE_IDENTIFIER = "com.sensehack.combine-assign";
				PRODUCT_NAME = "$(TARGET_NAME)";
				SWIFT_EMIT_LOC_STRINGS = YES;
				SWIFT_VERSION = 5.0;
				TARGETED_DEVICE_FAMILY = "1,2";
			};
			name = Debug;
		};
		43E561F829EC3C9B00314994 /* Release */ = {
			isa = XCBuildConfiguration;
			buildSettings = {
				ASSETCATALOG_COMPILER_APPICON_NAME = AppIcon;
				ASSETCATALOG_COMPILER_GLOBAL_ACCENT_COLOR_NAME = AccentColor;
				CODE_SIGN_STYLE = Automatic;
				CURRENT_PROJECT_VERSION = 1;
				DEVELOPMENT_ASSET_PATHS = "\"combine-assign/Preview Content\"";
				DEVELOPMENT_TEAM = LGQH99U6M2;
				ENABLE_PREVIEWS = YES;
				GENERATE_INFOPLIST_FILE = YES;
				INFOPLIST_KEY_UIApplicationSceneManifest_Generation = YES;
				INFOPLIST_KEY_UIApplicationSupportsIndirectInputEvents = YES;
				INFOPLIST_KEY_UILaunchScreen_Generation = YES;
				INFOPLIST_KEY_UISupportedInterfaceOrientations_iPad = "UIInterfaceOrientationPortrait UIInterfaceOrientationPortraitUpsideDown UIInterfaceOrientationLandscapeLeft UIInterfaceOrientationLandscapeRight";
				INFOPLIST_KEY_UISupportedInterfaceOrientations_iPhone = "UIInterfaceOrientationPortrait UIInterfaceOrientationLandscapeLeft UIInterfaceOrientationLandscapeRight";
				LD_RUNPATH_SEARCH_PATHS = (
					"$(inherited)",
					"@executable_path/Frameworks",
				);
				MARKETING_VERSION = 1.0;
				PRODUCT_BUNDLE_IDENTIFIER = "com.sensehack.combine-assign";
				PRODUCT_NAME = "$(TARGET_NAME)";
				SWIFT_EMIT_LOC_STRINGS = YES;
				SWIFT_VERSION = 5.0;
				TARGETED_DEVICE_FAMILY = "1,2";
			};
			name = Release;
		};
/* End XCBuildConfiguration section */

/* Begin XCConfigurationList section */
		43E561E329EC3C9A00314994 /* Build configuration list for PBXProject "combine-assign" */ = {
			isa = XCConfigurationList;
			buildConfigurations = (
				43E561F429EC3C9B00314994 /* Debug */,
				43E561F529EC3C9B00314994 /* Release */,
			);
			defaultConfigurationIsVisible = 0;
			defaultConfigurationName = Release;
		};
		43E561F629EC3C9B00314994 /* Build configuration list for PBXNativeTarget "combine-assign" */ = {
			isa = XCConfigurationList;
			buildConfigurations = (
				43E561F729EC3C9B00314994 /* Debug */,
				43E561F829EC3C9B00314994 /* Release */,
			);
			defaultConfigurationIsVisible = 0;
			defaultConfigurationName = Release;
		};
/* End XCConfigurationList section */

/* Begin XCRemoteSwiftPackageReference section */
		43E561FB29EC3CE800314994 /* XCRemoteSwiftPackageReference "swift-sense" */ = {
			isa = XCRemoteSwiftPackageReference;
			repositoryURL = "https://github.com/SensehacK/swift-sense";
			requirement = {
				branch = main;
				kind = branch;
			};
		};
/* End XCRemoteSwiftPackageReference section */

/* Begin XCSwiftPackageProductDependency section */
		43E561FC29EC3CE800314994 /* swift-sense */ = {
			isa = XCSwiftPackageProductDependency;
			package = 43E561FB29EC3CE800314994 /* XCRemoteSwiftPackageReference "swift-sense" */;
			productName = "swift-sense";
		};
/* End XCSwiftPackageProductDependency section */
	};
	rootObject = 43E561E029EC3C9A00314994 /* Project object */;
}
